
Microsoft Visual Studio Solution File, Format Version 12.00
Project("{2150E333-8FDC-42A3-9474-1A3956D46DE8}") = "GroupManagement", "GroupManagement", "{548A38DC-5D4E-45AB-8A87-73C2B6407B37}"
EndProject
Project("{FAE04EC0-301F-11D3-BF4B-00C04F79EFBC}") = "CodingMilitia.PlayBall.GroupManagement.Business", "..\..\GroupManagement\src\CodingMilitia.PlayBall.GroupManagement.Business\CodingMilitia.PlayBall.GroupManagement.Business.csproj", "{0C412885-7AF3-49DA-9C64-BD91A184210A}"
EndProject
Project("{FAE04EC0-301F-11D3-BF4B-00C04F79EFBC}") = "CodingMilitia.PlayBall.GroupManagement.Business.Impl", "..\..\GroupManagement\src\CodingMilitia.PlayBall.GroupManagement.Business.Impl\CodingMilitia.PlayBall.GroupManagement.Business.Impl.csproj", "{DAEB1C50-3E7D-4E57-A3B1-00DB805017D2}"
EndProject
Project("{FAE04EC0-301F-11D3-BF4B-00C04F79EFBC}") = "CodingMilitia.PlayBall.GroupManagement.Data", "..\..\GroupManagement\src\CodingMilitia.PlayBall.GroupManagement.Data\CodingMilitia.PlayBall.GroupManagement.Data.csproj", "{85866F01-E0CD-4974-9B5D-EBB84FC3FEB2}"
EndProject
Project("{FAE04EC0-301F-11D3-BF4B-00C04F79EFBC}") = "CodingMilitia.PlayBall.GroupManagement.Web", "..\..\GroupManagement\src\CodingMilitia.PlayBall.GroupManagement.Web\CodingMilitia.PlayBall.GroupManagement.Web.csproj", "{379DD9E9-1BF5-426C-BC69-62AB6DE0633F}"
EndProject
Project("{FAE04EC0-301F-11D3-BF4B-00C04F79EFBC}") = "CodingMilitia.PlayBall.Shared.StartupTasks", "..\..\GroupManagement\src\CodingMilitia.PlayBall.Shared.StartupTasks\CodingMilitia.PlayBall.Shared.StartupTasks.csproj", "{0228FE4E-A64E-459C-B4E4-7BC27DEE0AAF}"
EndProject
Project("{2150E333-8FDC-42A3-9474-1A3956D46DE8}") = "Auth", "Auth", "{A7AA1B44-4D79-48C2-B1A3-2CDE308028BA}"
EndProject
Project("{FAE04EC0-301F-11D3-BF4B-00C04F79EFBC}") = "CodingMilitia.PlayBall.Auth.Web", "..\..\Auth\src\CodingMilitia.PlayBall.Auth.Web\CodingMilitia.PlayBall.Auth.Web.csproj", "{F98CD50C-3555-4184-8C95-F794210117C6}"
EndProject
Project("{2150E333-8FDC-42A3-9474-1A3956D46DE8}") = "WebFrontend", "WebFrontend", "{46E92584-3ACD-4B1B-ABD5-6ADB8466777E}"
EndProject
Project("{2150E333-8FDC-42A3-9474-1A3956D46DE8}") = "src", "src", "{69EE71E9-7356-4749-B09A-E7A749C017AB}"
EndProject
Project("{2150E333-8FDC-42A3-9474-1A3956D46DE8}") = "tests", "tests", "{7635A6BA-5A30-4A76-ADC2-CB955F27AC1C}"
EndProject
Project("{FAE04EC0-301F-11D3-BF4B-00C04F79EFBC}") = "CodingMilitia.PlayBall.WebFrontend.BackForFront.Web", "..\..\WebFrontend\server\src\CodingMilitia.PlayBall.WebFrontend.BackForFront.Web\CodingMilitia.PlayBall.WebFrontend.BackForFront.Web.csproj", "{07CF4151-2E4F-4575-BB71-1DB485F6AB74}"
EndProject
Project("{FAE04EC0-301F-11D3-BF4B-00C04F79EFBC}") = "CodingMilitia.PlayBall.WebFrontend.BackForFront.Web.Test", "..\..\WebFrontend\server\tests\CodingMilitia.PlayBall.WebFrontend.BackForFront.Web.Test\CodingMilitia.PlayBall.WebFrontend.BackForFront.Web.Test.csproj", "{3C6096F3-5148-4AB4-8FD9-9741DB9D3953}"
EndProject
Project("{2150E333-8FDC-42A3-9474-1A3956D46DE8}") = "Shared", "Shared", "{2F59D72C-D16A-4B6C-982E-B278516937A6}"
EndProject
Project("{2150E333-8FDC-42A3-9474-1A3956D46DE8}") = "src", "src", "{239DB852-972C-4084-BC8F-AADB54069777}"
EndProject
Project("{FAE04EC0-301F-11D3-BF4B-00C04F79EFBC}") = "CodingMilitia.PlayBall.Shared.StartupTasks", "..\..\Shared\src\CodingMilitia.PlayBall.Shared.StartupTasks\CodingMilitia.PlayBall.Shared.StartupTasks.csproj", "{74F4B916-3BA6-41F2-84FE-E7EDFA8C3AD4}"
EndProject
Project("{2150E333-8FDC-42A3-9474-1A3956D46DE8}") = "src", "src", "{E18BD1FC-AB56-476D-B48E-298B1D9CACE0}"
EndProject
Project("{2150E333-8FDC-42A3-9474-1A3956D46DE8}") = "src", "src", "{061B70DA-CE03-46EF-AE5E-7A148DDE6238}"
EndProject
Global
	GlobalSection(SolutionConfigurationPlatforms) = preSolution
		Debug|Any CPU = Debug|Any CPU
		Release|Any CPU = Release|Any CPU
	EndGlobalSection
	GlobalSection(NestedProjects) = preSolution
		{69EE71E9-7356-4749-B09A-E7A749C017AB} = {46E92584-3ACD-4B1B-ABD5-6ADB8466777E}
		{7635A6BA-5A30-4A76-ADC2-CB955F27AC1C} = {46E92584-3ACD-4B1B-ABD5-6ADB8466777E}
		{07CF4151-2E4F-4575-BB71-1DB485F6AB74} = {69EE71E9-7356-4749-B09A-E7A749C017AB}
		{3C6096F3-5148-4AB4-8FD9-9741DB9D3953} = {7635A6BA-5A30-4A76-ADC2-CB955F27AC1C}
		{239DB852-972C-4084-BC8F-AADB54069777} = {2F59D72C-D16A-4B6C-982E-B278516937A6}
		{74F4B916-3BA6-41F2-84FE-E7EDFA8C3AD4} = {2F59D72C-D16A-4B6C-982E-B278516937A6}
		{E18BD1FC-AB56-476D-B48E-298B1D9CACE0} = {A7AA1B44-4D79-48C2-B1A3-2CDE308028BA}
		{F98CD50C-3555-4184-8C95-F794210117C6} = {E18BD1FC-AB56-476D-B48E-298B1D9CACE0}
		{061B70DA-CE03-46EF-AE5E-7A148DDE6238} = {548A38DC-5D4E-45AB-8A87-73C2B6407B37}
		{0C412885-7AF3-49DA-9C64-BD91A184210A} = {061B70DA-CE03-46EF-AE5E-7A148DDE6238}
		{DAEB1C50-3E7D-4E57-A3B1-00DB805017D2} = {061B70DA-CE03-46EF-AE5E-7A148DDE6238}
		{85866F01-E0CD-4974-9B5D-EBB84FC3FEB2} = {061B70DA-CE03-46EF-AE5E-7A148DDE6238}
		{379DD9E9-1BF5-426C-BC69-62AB6DE0633F} = {061B70DA-CE03-46EF-AE5E-7A148DDE6238}
		{0228FE4E-A64E-459C-B4E4-7BC27DEE0AAF} = {061B70DA-CE03-46EF-AE5E-7A148DDE6238}
	EndGlobalSection
	GlobalSection(ProjectConfigurationPlatforms) = postSolution
		{0C412885-7AF3-49DA-9C64-BD91A184210A}.Debug|Any CPU.ActiveCfg = Debug|Any CPU
		{0C412885-7AF3-49DA-9C64-BD91A184210A}.Debug|Any CPU.Build.0 = Debug|Any CPU
		{0C412885-7AF3-49DA-9C64-BD91A184210A}.Release|Any CPU.ActiveCfg = Release|Any CPU
		{0C412885-7AF3-49DA-9C64-BD91A184210A}.Release|Any CPU.Build.0 = Release|Any CPU
		{DAEB1C50-3E7D-4E57-A3B1-00DB805017D2}.Debug|Any CPU.ActiveCfg = Debug|Any CPU
		{DAEB1C50-3E7D-4E57-A3B1-00DB805017D2}.Debug|Any CPU.Build.0 = Debug|Any CPU
		{DAEB1C50-3E7D-4E57-A3B1-00DB805017D2}.Release|Any CPU.ActiveCfg = Release|Any CPU
		{DAEB1C50-3E7D-4E57-A3B1-00DB805017D2}.Release|Any CPU.Build.0 = Release|Any CPU
		{85866F01-E0CD-4974-9B5D-EBB84FC3FEB2}.Debug|Any CPU.ActiveCfg = Debug|Any CPU
		{85866F01-E0CD-4974-9B5D-EBB84FC3FEB2}.Debug|Any CPU.Build.0 = Debug|Any CPU
		{85866F01-E0CD-4974-9B5D-EBB84FC3FEB2}.Release|Any CPU.ActiveCfg = Release|Any CPU
		{85866F01-E0CD-4974-9B5D-EBB84FC3FEB2}.Release|Any CPU.Build.0 = Release|Any CPU
		{379DD9E9-1BF5-426C-BC69-62AB6DE0633F}.Debug|Any CPU.ActiveCfg = Debug|Any CPU
		{379DD9E9-1BF5-426C-BC69-62AB6DE0633F}.Debug|Any CPU.Build.0 = Debug|Any CPU
		{379DD9E9-1BF5-426C-BC69-62AB6DE0633F}.Release|Any CPU.ActiveCfg = Release|Any CPU
		{379DD9E9-1BF5-426C-BC69-62AB6DE0633F}.Release|Any CPU.Build.0 = Release|Any CPU
		{0228FE4E-A64E-459C-B4E4-7BC27DEE0AAF}.Debug|Any CPU.ActiveCfg = Debug|Any CPU
		{0228FE4E-A64E-459C-B4E4-7BC27DEE0AAF}.Debug|Any CPU.Build.0 = Debug|Any CPU
		{0228FE4E-A64E-459C-B4E4-7BC27DEE0AAF}.Release|Any CPU.ActiveCfg = Release|Any CPU
		{0228FE4E-A64E-459C-B4E4-7BC27DEE0AAF}.Release|Any CPU.Build.0 = Release|Any CPU
		{F98CD50C-3555-4184-8C95-F794210117C6}.Debug|Any CPU.ActiveCfg = Debug|Any CPU
		{F98CD50C-3555-4184-8C95-F794210117C6}.Debug|Any CPU.Build.0 = Debug|Any CPU
		{F98CD50C-3555-4184-8C95-F794210117C6}.Release|Any CPU.ActiveCfg = Release|Any CPU
		{F98CD50C-3555-4184-8C95-F794210117C6}.Release|Any CPU.Build.0 = Release|Any CPU
		{07CF4151-2E4F-4575-BB71-1DB485F6AB74}.Debug|Any CPU.ActiveCfg = Debug|Any CPU
		{07CF4151-2E4F-4575-BB71-1DB485F6AB74}.Debug|Any CPU.Build.0 = Debug|Any CPU
		{07CF4151-2E4F-4575-BB71-1DB485F6AB74}.Release|Any CPU.ActiveCfg = Release|Any CPU
		{07CF4151-2E4F-4575-BB71-1DB485F6AB74}.Release|Any CPU.Build.0 = Release|Any CPU
		{3C6096F3-5148-4AB4-8FD9-9741DB9D3953}.Debug|Any CPU.ActiveCfg = Debug|Any CPU
		{3C6096F3-5148-4AB4-8FD9-9741DB9D3953}.Debug|Any CPU.Build.0 = Debug|Any CPU
		{3C6096F3-5148-4AB4-8FD9-9741DB9D3953}.Release|Any CPU.ActiveCfg = Release|Any CPU
		{3C6096F3-5148-4AB4-8FD9-9741DB9D3953}.Release|Any CPU.Build.0 = Release|Any CPU
		{74F4B916-3BA6-41F2-84FE-E7EDFA8C3AD4}.Debug|Any CPU.ActiveCfg = Debug|Any CPU
		{74F4B916-3BA6-41F2-84FE-E7EDFA8C3AD4}.Debug|Any CPU.Build.0 = Debug|Any CPU
		{74F4B916-3BA6-41F2-84FE-E7EDFA8C3AD4}.Release|Any CPU.ActiveCfg = Release|Any CPU
		{74F4B916-3BA6-41F2-84FE-E7EDFA8C3AD4}.Release|Any CPU.Build.0 = Release|Any CPU
	EndGlobalSection
EndGlobal
