
Microsoft Visual Studio Solution File, Format Version 12.00
#
Project("{2150E333-8FDC-42A3-9474-1A3956D46DE8}") = "GroupManagement", "GroupManagement", "{548A38DC-5D4E-45AB-8A87-73C2B6407B37}"
EndProject
Project("{FAE04EC0-301F-11D3-BF4B-00C04F79EFBC}") = "CodingMilitia.PlayBall.GroupManagement.Web", "..\..\GroupManagement\src\CodingMilitia.PlayBall.GroupManagement.Web\CodingMilitia.PlayBall.GroupManagement.Web.csproj", "{379DD9E9-1BF5-426C-BC69-62AB6DE0633F}"
EndProject
Project("{FAE04EC0-301F-11D3-BF4B-00C04F79EFBC}") = "CodingMilitia.PlayBall.Shared.StartupTasks", "..\..\GroupManagement\src\CodingMilitia.PlayBall.Shared.StartupTasks\CodingMilitia.PlayBall.Shared.StartupTasks.csproj", "{0228FE4E-A64E-459C-B4E4-7BC27DEE0AAF}"
EndProject
Project("{2150E333-8FDC-42A3-9474-1A3956D46DE8}") = "Auth", "Auth", "{A7AA1B44-4D79-48C2-B1A3-2CDE308028BA}"
EndProject
Project("{FAE04EC0-301F-11D3-BF4B-00C04F79EFBC}") = "CodingMilitia.PlayBall.Auth.Web", "..\..\Auth\src\CodingMilitia.PlayBall.Auth.Web\CodingMilitia.PlayBall.Auth.Web.csproj", "{F98CD50C-3555-4184-8C95-F794210117C6}"
EndProject
Project("{2150E333-8FDC-42A3-9474-1A3956D46DE8}") = "WebFrontend", "WebFrontend", "{46E92584-3ACD-4B1B-ABD5-6ADB8466777E}"
EndProject
Project("{2150E333-8FDC-42A3-9474-1A3956D46DE8}") = "src", "src", "{69EE71E9-7356-4749-B09A-E7A749C017AB}"
EndProject
Project("{2150E333-8FDC-42A3-9474-1A3956D46DE8}") = "tests", "tests", "{7635A6BA-5A30-4A76-ADC2-CB955F27AC1C}"
EndProject
Project("{FAE04EC0-301F-11D3-BF4B-00C04F79EFBC}") = "CodingMilitia.PlayBall.WebFrontend.BackForFront.Web", "..\..\WebFrontend\server\src\CodingMilitia.PlayBall.WebFrontend.BackForFront.Web\CodingMilitia.PlayBall.WebFrontend.BackForFront.Web.csproj", "{07CF4151-2E4F-4575-BB71-1DB485F6AB74}"
EndProject
Project("{FAE04EC0-301F-11D3-BF4B-00C04F79EFBC}") = "CodingMilitia.PlayBall.WebFrontend.BackForFront.Web.Test", "..\..\WebFrontend\server\tests\CodingMilitia.PlayBall.WebFrontend.BackForFront.Web.Test\CodingMilitia.PlayBall.WebFrontend.BackForFront.Web.Test.csproj", "{3C6096F3-5148-4AB4-8FD9-9741DB9D3953}"
EndProject
Project("{2150E333-8FDC-42A3-9474-1A3956D46DE8}") = "Shared", "Shared", "{2F59D72C-D16A-4B6C-982E-B278516937A6}"
EndProject
Project("{2150E333-8FDC-42A3-9474-1A3956D46DE8}") = "src", "src", "{239DB852-972C-4084-BC8F-AADB54069777}"
EndProject
Project("{FAE04EC0-301F-11D3-BF4B-00C04F79EFBC}") = "CodingMilitia.PlayBall.Shared.StartupTasks", "..\..\Shared\src\CodingMilitia.PlayBall.Shared.StartupTasks\CodingMilitia.PlayBall.Shared.StartupTasks.csproj", "{74F4B916-3BA6-41F2-84FE-E7EDFA8C3AD4}"
EndProject
Project("{2150E333-8FDC-42A3-9474-1A3956D46DE8}") = "src", "src", "{E18BD1FC-AB56-476D-B48E-298B1D9CACE0}"
EndProject
Project("{2150E333-8FDC-42A3-9474-1A3956D46DE8}") = "src", "src", "{061B70DA-CE03-46EF-AE5E-7A148DDE6238}"
EndProject
Project("{FAE04EC0-301F-11D3-BF4B-00C04F79EFBC}") = "CodingMilitia.PlayBall.GroupManagement.Domain", "..\..\GroupManagement\src\CodingMilitia.PlayBall.GroupManagement.Domain\CodingMilitia.PlayBall.GroupManagement.Domain.csproj", "{BEFAD15C-C58F-4D0F-81B8-B06030760265}"
EndProject
Project("{FAE04EC0-301F-11D3-BF4B-00C04F79EFBC}") = "CodingMilitia.PlayBall.GroupManagement.Infrastructure", "..\..\GroupManagement\src\CodingMilitia.PlayBall.GroupManagement.Infrastructure\CodingMilitia.PlayBall.GroupManagement.Infrastructure.csproj", "{6AE7D1EA-6B36-4679-88AD-E18B0DD2BF42}"
EndProject
Project("{FAE04EC0-301F-11D3-BF4B-00C04F79EFBC}") = "CodingMilitia.PlayBall.GroupManagement.Domain.Tests", "..\..\GroupManagement\tests\CodingMilitia.PlayBall.GroupManagement.Domain.Tests\CodingMilitia.PlayBall.GroupManagement.Domain.Tests.csproj", "{038D20EE-9A3A-4C64-AC55-42E9211B6B22}"
EndProject
Project("{FAE04EC0-301F-11D3-BF4B-00C04F79EFBC}") = "CodingMilitia.PlayBall.GroupManagement.Infrastructure.Tests", "..\..\GroupManagement\tests\CodingMilitia.PlayBall.GroupManagement.Infrastructure.Tests\CodingMilitia.PlayBall.GroupManagement.Infrastructure.Tests.csproj", "{E53221FB-9C64-489C-9B77-DE92B4F7396B}"
EndProject
Project("{2150E333-8FDC-42A3-9474-1A3956D46DE8}") = "tests", "tests", "{ADE6CED1-DC91-4768-8F44-8CEBC858AFA5}"
EndProject
Global
	GlobalSection(SolutionConfigurationPlatforms) = preSolution
		Debug|Any CPU = Debug|Any CPU
		Release|Any CPU = Release|Any CPU
	EndGlobalSection
	GlobalSection(NestedProjects) = preSolution
		{69EE71E9-7356-4749-B09A-E7A749C017AB} = {46E92584-3ACD-4B1B-ABD5-6ADB8466777E}
		{7635A6BA-5A30-4A76-ADC2-CB955F27AC1C} = {46E92584-3ACD-4B1B-ABD5-6ADB8466777E}
		{07CF4151-2E4F-4575-BB71-1DB485F6AB74} = {69EE71E9-7356-4749-B09A-E7A749C017AB}
		{3C6096F3-5148-4AB4-8FD9-9741DB9D3953} = {7635A6BA-5A30-4A76-ADC2-CB955F27AC1C}
		{239DB852-972C-4084-BC8F-AADB54069777} = {2F59D72C-D16A-4B6C-982E-B278516937A6}
		{74F4B916-3BA6-41F2-84FE-E7EDFA8C3AD4} = {2F59D72C-D16A-4B6C-982E-B278516937A6}
		{E18BD1FC-AB56-476D-B48E-298B1D9CACE0} = {A7AA1B44-4D79-48C2-B1A3-2CDE308028BA}
		{F98CD50C-3555-4184-8C95-F794210117C6} = {E18BD1FC-AB56-476D-B48E-298B1D9CACE0}
		{061B70DA-CE03-46EF-AE5E-7A148DDE6238} = {548A38DC-5D4E-45AB-8A87-73C2B6407B37}
		{379DD9E9-1BF5-426C-BC69-62AB6DE0633F} = {061B70DA-CE03-46EF-AE5E-7A148DDE6238}
		{0228FE4E-A64E-459C-B4E4-7BC27DEE0AAF} = {061B70DA-CE03-46EF-AE5E-7A148DDE6238}
		{BEFAD15C-C58F-4D0F-81B8-B06030760265} = {061B70DA-CE03-46EF-AE5E-7A148DDE6238}
		{6AE7D1EA-6B36-4679-88AD-E18B0DD2BF42} = {061B70DA-CE03-46EF-AE5E-7A148DDE6238}
		{ADE6CED1-DC91-4768-8F44-8CEBC858AFA5} = {548A38DC-5D4E-45AB-8A87-73C2B6407B37}
		{038D20EE-9A3A-4C64-AC55-42E9211B6B22} = {ADE6CED1-DC91-4768-8F44-8CEBC858AFA5}
		{E53221FB-9C64-489C-9B77-DE92B4F7396B} = {ADE6CED1-DC91-4768-8F44-8CEBC858AFA5}
	EndGlobalSection
	GlobalSection(ProjectConfigurationPlatforms) = postSolution
		{379DD9E9-1BF5-426C-BC69-62AB6DE0633F}.Debug|Any CPU.ActiveCfg = Debug|Any CPU
		{379DD9E9-1BF5-426C-BC69-62AB6DE0633F}.Debug|Any CPU.Build.0 = Debug|Any CPU
		{379DD9E9-1BF5-426C-BC69-62AB6DE0633F}.Release|Any CPU.ActiveCfg = Release|Any CPU
		{379DD9E9-1BF5-426C-BC69-62AB6DE0633F}.Release|Any CPU.Build.0 = Release|Any CPU
		{0228FE4E-A64E-459C-B4E4-7BC27DEE0AAF}.Debug|Any CPU.ActiveCfg = Debug|Any CPU
		{0228FE4E-A64E-459C-B4E4-7BC27DEE0AAF}.Debug|Any CPU.Build.0 = Debug|Any CPU
		{0228FE4E-A64E-459C-B4E4-7BC27DEE0AAF}.Release|Any CPU.ActiveCfg = Release|Any CPU
		{0228FE4E-A64E-459C-B4E4-7BC27DEE0AAF}.Release|Any CPU.Build.0 = Release|Any CPU
		{F98CD50C-3555-4184-8C95-F794210117C6}.Debug|Any CPU.ActiveCfg = Debug|Any CPU
		{F98CD50C-3555-4184-8C95-F794210117C6}.Debug|Any CPU.Build.0 = Debug|Any CPU
		{F98CD50C-3555-4184-8C95-F794210117C6}.Release|Any CPU.ActiveCfg = Release|Any CPU
		{F98CD50C-3555-4184-8C95-F794210117C6}.Release|Any CPU.Build.0 = Release|Any CPU
		{07CF4151-2E4F-4575-BB71-1DB485F6AB74}.Debug|Any CPU.ActiveCfg = Debug|Any CPU
		{07CF4151-2E4F-4575-BB71-1DB485F6AB74}.Debug|Any CPU.Build.0 = Debug|Any CPU
		{07CF4151-2E4F-4575-BB71-1DB485F6AB74}.Release|Any CPU.ActiveCfg = Release|Any CPU
		{07CF4151-2E4F-4575-BB71-1DB485F6AB74}.Release|Any CPU.Build.0 = Release|Any CPU
		{3C6096F3-5148-4AB4-8FD9-9741DB9D3953}.Debug|Any CPU.ActiveCfg = Debug|Any CPU
		{3C6096F3-5148-4AB4-8FD9-9741DB9D3953}.Debug|Any CPU.Build.0 = Debug|Any CPU
		{3C6096F3-5148-4AB4-8FD9-9741DB9D3953}.Release|Any CPU.ActiveCfg = Release|Any CPU
		{3C6096F3-5148-4AB4-8FD9-9741DB9D3953}.Release|Any CPU.Build.0 = Release|Any CPU
		{74F4B916-3BA6-41F2-84FE-E7EDFA8C3AD4}.Debug|Any CPU.ActiveCfg = Debug|Any CPU
		{74F4B916-3BA6-41F2-84FE-E7EDFA8C3AD4}.Debug|Any CPU.Build.0 = Debug|Any CPU
		{74F4B916-3BA6-41F2-84FE-E7EDFA8C3AD4}.Release|Any CPU.ActiveCfg = Release|Any CPU
		{74F4B916-3BA6-41F2-84FE-E7EDFA8C3AD4}.Release|Any CPU.Build.0 = Release|Any CPU
		{BEFAD15C-C58F-4D0F-81B8-B06030760265}.Debug|Any CPU.ActiveCfg = Debug|Any CPU
		{BEFAD15C-C58F-4D0F-81B8-B06030760265}.Debug|Any CPU.Build.0 = Debug|Any CPU
		{BEFAD15C-C58F-4D0F-81B8-B06030760265}.Release|Any CPU.ActiveCfg = Release|Any CPU
		{BEFAD15C-C58F-4D0F-81B8-B06030760265}.Release|Any CPU.Build.0 = Release|Any CPU
		{6AE7D1EA-6B36-4679-88AD-E18B0DD2BF42}.Debug|Any CPU.ActiveCfg = Debug|Any CPU
		{6AE7D1EA-6B36-4679-88AD-E18B0DD2BF42}.Debug|Any CPU.Build.0 = Debug|Any CPU
		{6AE7D1EA-6B36-4679-88AD-E18B0DD2BF42}.Release|Any CPU.ActiveCfg = Release|Any CPU
		{6AE7D1EA-6B36-4679-88AD-E18B0DD2BF42}.Release|Any CPU.Build.0 = Release|Any CPU
		{038D20EE-9A3A-4C64-AC55-42E9211B6B22}.Debug|Any CPU.ActiveCfg = Debug|Any CPU
		{038D20EE-9A3A-4C64-AC55-42E9211B6B22}.Debug|Any CPU.Build.0 = Debug|Any CPU
		{038D20EE-9A3A-4C64-AC55-42E9211B6B22}.Release|Any CPU.ActiveCfg = Release|Any CPU
		{038D20EE-9A3A-4C64-AC55-42E9211B6B22}.Release|Any CPU.Build.0 = Release|Any CPU
		{E53221FB-9C64-489C-9B77-DE92B4F7396B}.Debug|Any CPU.ActiveCfg = Debug|Any CPU
		{E53221FB-9C64-489C-9B77-DE92B4F7396B}.Debug|Any CPU.Build.0 = Debug|Any CPU
		{E53221FB-9C64-489C-9B77-DE92B4F7396B}.Release|Any CPU.ActiveCfg = Release|Any CPU
		{E53221FB-9C64-489C-9B77-DE92B4F7396B}.Release|Any CPU.Build.0 = Release|Any CPU
	EndGlobalSection
EndGlobal
